
Microsoft Visual Studio Solution File, Format Version 12.00
# Visual Studio 15
VisualStudioVersion = 15.0.28307.489
MinimumVisualStudioVersion = 10.0.40219.1
Project("{8BC9CEB8-8B4A-11D0-8D11-00A0C91BC942}") = "library search system", "library search system\library search system.vcxproj", "{198F8BC6-2B72-4968-B4B4-10D5E64A945B}"
EndProject
Global
	GlobalSection(SolutionConfigurationPlatforms) = preSolution
		Debug|x64 = Debug|x64
		Debug|x86 = Debug|x86
		Release|x64 = Release|x64
		Release|x86 = Release|x86
	EndGlobalSection
	GlobalSection(ProjectConfigurationPlatforms) = postSolution
		{198F8BC6-2B72-4968-B4B4-10D5E64A945B}.Debug|x64.ActiveCfg = Debug|x64
		{198F8BC6-2B72-4968-B4B4-10D5E64A945B}.Debug|x64.Build.0 = Debug|x64
		{198F8BC6-2B72-4968-B4B4-10D5E64A945B}.Debug|x86.ActiveCfg = Debug|Win32
		{198F8BC6-2B72-4968-B4B4-10D5E64A945B}.Debug|x86.Build.0 = Debug|Win32
		{198F8BC6-2B72-4968-B4B4-10D5E64A945B}.Release|x64.ActiveCfg = Release|x64
		{198F8BC6-2B72-4968-B4B4-10D5E64A945B}.Release|x64.Build.0 = Release|x64
		{198F8BC6-2B72-4968-B4B4-10D5E64A945B}.Release|x86.ActiveCfg = Release|Win32
		{198F8BC6-2B72-4968-B4B4-10D5E64A945B}.Release|x86.Build.0 = Release|Win32
	EndGlobalSection
	GlobalSection(SolutionProperties) = preSolution
		HideSolutionNode = FALSE
	EndGlobalSection
	GlobalSection(ExtensibilityGlobals) = postSolution
		SolutionGuid = {131209C2-B400-4296-8D92-CE80E61ED901}
	EndGlobalSection
EndGlobal
